
Microsoft Visual Studio Solution File, Format Version 12.00
# Visual Studio Version 17
VisualStudioVersion = 17.8.34525.116
MinimumVisualStudioVersion = 10.0.40219.1
Project("{9A19103F-16F7-4668-BE54-9A1E7A4F7556}") = "EnterpriseKnowledgeHub.BlazorUI", "Src\EnterpriseKnowledgeHub.BlazorUI\EnterpriseKnowledgeHub.BlazorUI.csproj", "{4AD450FE-12B3-4E6D-B137-F4654DDBB5A6}"
EndProject
Project("{9A19103F-16F7-4668-BE54-9A1E7A4F7556}") = "EnterpriseKnowledgeHub.Api", "Src\EnterpriseKnowledgeHub.Api\EnterpriseKnowledgeHub.Api.csproj", "{EF1F48FB-BDB3-4C60-BFCD-2A0339535636}"
EndProject
Project("{9A19103F-16F7-4668-BE54-9A1E7A4F7556}") = "EnterpriseKnowledgeHub.Application", "Src\EnterpriseKnowledgeHub.Application\EnterpriseKnowledgeHub.Application.csproj", "{83CFECB1-13EE-4F0E-9C5A-1D98C6E523B8}"
EndProject
Project("{9A19103F-16F7-4668-BE54-9A1E7A4F7556}") = "EnterpriseKnowledgeHub.Domain", "Src\EnterpriseKnowledgeHub.Domain\EnterpriseKnowledgeHub.Domain.csproj", "{011867BA-8795-4570-9C7E-31B16DB16FD4}"
EndProject
Project("{9A19103F-16F7-4668-BE54-9A1E7A4F7556}") = "EnterpriseKnowledgeHub.Infrastructure", "Src\EnterpriseKnowledgeHub.Infrastructure\EnterpriseKnowledgeHub.Infrastructure.csproj", "{C8B8B96D-7C8E-4C5A-9764-CAB4E7FDA6E6}"
EndProject
Project("{9A19103F-16F7-4668-BE54-9A1E7A4F7556}") = "EnterpriseKnowledgeHub.Worker", "Src\EnterpriseKnowledgeHub.Worker\EnterpriseKnowledgeHub.Worker.csproj", "{A4234838-BF22-4997-80D1-032BC78C54C5}"
EndProject
Global
	GlobalSection(SolutionConfigurationPlatforms) = preSolution
		Debug|Any CPU = Debug|Any CPU
		Release|Any CPU = Release|Any CPU
	EndGlobalSection
	GlobalSection(ProjectConfigurationPlatforms) = postSolution
		{4AD450FE-12B3-4E6D-B137-F4654DDBB5A6}.Debug|Any CPU.ActiveCfg = Debug|Any CPU
		{4AD450FE-12B3-4E6D-B137-F4654DDBB5A6}.Debug|Any CPU.Build.0 = Debug|Any CPU
		{4AD450FE-12B3-4E6D-B137-F4654DDBB5A6}.Release|Any CPU.ActiveCfg = Release|Any CPU
		{4AD450FE-12B3-4E6D-B137-F4654DDBB5A6}.Release|Any CPU.Build.0 = Release|Any CPU
		{EF1F48FB-BDB3-4C60-BFCD-2A0339535636}.Debug|Any CPU.ActiveCfg = Debug|Any CPU
		{EF1F48FB-BDB3-4C60-BFCD-2A0339535636}.Debug|Any CPU.Build.0 = Debug|Any CPU
		{EF1F48FB-BDB3-4C60-BFCD-2A0339535636}.Release|Any CPU.ActiveCfg = Release|Any CPU
		{EF1F48FB-BDB3-4C60-BFCD-2A0339535636}.Release|Any CPU.Build.0 = Release|Any CPU
		{83CFECB1-13EE-4F0E-9C5A-1D98C6E523B8}.Debug|Any CPU.ActiveCfg = Debug|Any CPU
		{83CFECB1-13EE-4F0E-9C5A-1D98C6E523B8}.Debug|Any CPU.Build.0 = Debug|Any CPU
		{83CFECB1-13EE-4F0E-9C5A-1D98C6E523B8}.Release|Any CPU.ActiveCfg = Release|Any CPU
		{83CFECB1-13EE-4F0E-9C5A-1D98C6E523B8}.Release|Any CPU.Build.0 = Release|Any CPU
		{011867BA-8795-4570-9C7E-31B16DB16FD4}.Debug|Any CPU.ActiveCfg = Debug|Any CPU
		{011867BA-8795-4570-9C7E-31B16DB16FD4}.Debug|Any CPU.Build.0 = Debug|Any CPU
		{011867BA-8795-4570-9C7E-31B16DB16FD4}.Release|Any CPU.ActiveCfg = Release|Any CPU
		{011867BA-8795-4570-9C7E-31B16DB16FD4}.Release|Any CPU.Build.0 = Release|Any CPU
		{C8B8B96D-7C8E-4C5A-9764-CAB4E7FDA6E6}.Debug|Any CPU.ActiveCfg = Debug|Any CPU
		{C8B8B96D-7C8E-4C5A-9764-CAB4E7FDA6E6}.Debug|Any CPU.Build.0 = Debug|Any CPU
		{C8B8B96D-7C8E-4C5A-9764-CAB4E7FDA6E6}.Release|Any CPU.ActiveCfg = Release|Any CPU
		{C8B8B96D-7C8E-4C5A-9764-CAB4E7FDA6E6}.Release|Any CPU.Build.0 = Release|Any CPU
		{A4234838-BF22-4997-80D1-032BC78C54C5}.Debug|Any CPU.ActiveCfg = Debug|Any CPU
		{A4234838-BF22-4997-80D1-032BC78C54C5}.Debug|Any CPU.Build.0 = Debug|Any CPU
		{A4234838-BF22-4997-80D1-032BC78C54C5}.Release|Any CPU.ActiveCfg = Release|Any CPU
		{A4234838-BF22-4997-80D1-032BC78C54C5}.Release|Any CPU.Build.0 = Release|Any CPU
	EndGlobalSection
	GlobalSection(SolutionProperties) = preSolution
		HideSolutionNode = FALSE
	EndGlobalSection
	GlobalSection(ExtensibilityGlobals) = postSolution
		SolutionGuid = {8AB15D33-4CC1-471D-89EC-96C7C9769671}
	EndGlobalSection
EndGlobal
